
Microsoft Visual Studio Solution File, Format Version 12.00
# Visual Studio Version 17
VisualStudioVersion = 17.6.33829.357
MinimumVisualStudioVersion = 10.0.40219.1
Project("{FAE04EC0-301F-11D3-BF4B-00C04F79EFBC}") = "AdvWorksAPI", "AdvWorksAPI.csproj", "{DB153953-2504-40DE-9829-F08FF243F655}"
EndProject
Global
	GlobalSection(SolutionConfigurationPlatforms) = preSolution
		Debug|Any CPU = Debug|Any CPU
		Release|Any CPU = Release|Any CPU
	EndGlobalSection
	GlobalSection(ProjectConfigurationPlatforms) = postSolution
		{DB153953-2504-40DE-9829-F08FF243F655}.Debug|Any CPU.ActiveCfg = Debug|Any CPU
		{DB153953-2504-40DE-9829-F08FF243F655}.Debug|Any CPU.Build.0 = Debug|Any CPU
		{DB153953-2504-40DE-9829-F08FF243F655}.Release|Any CPU.ActiveCfg = Release|Any CPU
		{DB153953-2504-40DE-9829-F08FF243F655}.Release|Any CPU.Build.0 = Release|Any CPU
	EndGlobalSection
	GlobalSection(SolutionProperties) = preSolution
		HideSolutionNode = FALSE
	EndGlobalSection
	GlobalSection(ExtensibilityGlobals) = postSolution
		SolutionGuid = {F6A10AD6-5CFD-40CC-AA74-995DD6D42163}
	EndGlobalSection
EndGlobal
